// !$*UTF8*$!
{
	archiveVersion = 1;
	classes = {
	};
	objectVersion = 56;
	objects = {

/* Begin PBXBuildFile section */
		FD60A63C29BF1CC900B0750F /* Localizable.strings in Resources */ = {isa = PBXBuildFile; fileRef = FD60A63E29BF1CC900B0750F /* Localizable.strings */; };
		FD60A64229BF244B00B0750F /* Strings+Generated.swift in Sources */ = {isa = PBXBuildFile; fileRef = FD60A64129BF244B00B0750F /* Strings+Generated.swift */; };
		FD60A65729BF3D2600B0750F /* BhagavadGita-Dev.xcconfig in Resources */ = {isa = PBXBuildFile; fileRef = FD60A65629BF3D1C00B0750F /* BhagavadGita-Dev.xcconfig */; };
		FD60A65A29BF3D7800B0750F /* BhagavadGita-Prod.xcconfig in Resources */ = {isa = PBXBuildFile; fileRef = FD60A65929BF3D7600B0750F /* BhagavadGita-Prod.xcconfig */; };
		FD60A65B29BF3D7C00B0750F /* BhagavadGita-QA.xcconfig in Resources */ = {isa = PBXBuildFile; fileRef = FD60A65829BF3D6900B0750F /* BhagavadGita-QA.xcconfig */; };
		FD60A65E29BF3F4A00B0750F /* ConfigurationManager.swift in Sources */ = {isa = PBXBuildFile; fileRef = FD60A65D29BF3F4A00B0750F /* ConfigurationManager.swift */; };
		FDA25A5029BF49320072C390 /* FirebaseAnalytics in Frameworks */ = {isa = PBXBuildFile; productRef = FDA25A4F29BF49320072C390 /* FirebaseAnalytics */; };
		FDA25A5229BF49320072C390 /* FirebaseCrashlytics in Frameworks */ = {isa = PBXBuildFile; productRef = FDA25A5129BF49320072C390 /* FirebaseCrashlytics */; };
		FDA25A5B29BF4B580072C390 /* AppDelegate.swift in Sources */ = {isa = PBXBuildFile; fileRef = FDA25A5A29BF4B580072C390 /* AppDelegate.swift */; };
		FDA25A5F29BF5E2A0072C390 /* FirebaseAnalyticsManager.swift in Sources */ = {isa = PBXBuildFile; fileRef = FDA25A5E29BF5E2A0072C390 /* FirebaseAnalyticsManager.swift */; };
		FDA25A6129BF60DF0072C390 /* AnalyticsManager.swift in Sources */ = {isa = PBXBuildFile; fileRef = FDA25A6029BF60DF0072C390 /* AnalyticsManager.swift */; };
		FDD4267029BB5C1C008DE682 /* BhagavadGitaApp.swift in Sources */ = {isa = PBXBuildFile; fileRef = FDD4266F29BB5C1C008DE682 /* BhagavadGitaApp.swift */; };
		FDD4267229BB5C1C008DE682 /* ContentView.swift in Sources */ = {isa = PBXBuildFile; fileRef = FDD4267129BB5C1C008DE682 /* ContentView.swift */; };
		FDD4267429BB5C20008DE682 /* Assets.xcassets in Resources */ = {isa = PBXBuildFile; fileRef = FDD4267329BB5C20008DE682 /* Assets.xcassets */; };
		FDD4267729BB5C20008DE682 /* Preview Assets.xcassets in Resources */ = {isa = PBXBuildFile; fileRef = FDD4267629BB5C20008DE682 /* Preview Assets.xcassets */; };
		FDD4268129BB5C20008DE682 /* BhagavadGitaTests.swift in Sources */ = {isa = PBXBuildFile; fileRef = FDD4268029BB5C20008DE682 /* BhagavadGitaTests.swift */; };
		FDD4268B29BB5C21008DE682 /* BhagavadGitaUITests.swift in Sources */ = {isa = PBXBuildFile; fileRef = FDD4268A29BB5C21008DE682 /* BhagavadGitaUITests.swift */; };
		FDD4268D29BB5C21008DE682 /* BhagavadGitaUITestsLaunchTests.swift in Sources */ = {isa = PBXBuildFile; fileRef = FDD4268C29BB5C21008DE682 /* BhagavadGitaUITestsLaunchTests.swift */; };
		FDD4269B29BB7E2E008DE682 /* BGUtility in Frameworks */ = {isa = PBXBuildFile; productRef = FDD4269A29BB7E2E008DE682 /* BGUtility */; };
		FDD4269E29BB847D008DE682 /* SwiftyBeaver in Frameworks */ = {isa = PBXBuildFile; productRef = FDD4269D29BB847D008DE682 /* SwiftyBeaver */; };
		FDD426A029BB8A83008DE682 /* BGLogger.swift in Sources */ = {isa = PBXBuildFile; fileRef = FDD4269F29BB8A83008DE682 /* BGLogger.swift */; };
/* End PBXBuildFile section */

/* Begin PBXContainerItemProxy section */
		FDD4267D29BB5C20008DE682 /* PBXContainerItemProxy */ = {
			isa = PBXContainerItemProxy;
			containerPortal = FDD4266429BB5C1C008DE682 /* Project object */;
			proxyType = 1;
			remoteGlobalIDString = FDD4266B29BB5C1C008DE682;
			remoteInfo = BhagavadGita;
		};
		FDD4268729BB5C21008DE682 /* PBXContainerItemProxy */ = {
			isa = PBXContainerItemProxy;
			containerPortal = FDD4266429BB5C1C008DE682 /* Project object */;
			proxyType = 1;
			remoteGlobalIDString = FDD4266B29BB5C1C008DE682;
			remoteInfo = BhagavadGita;
		};
/* End PBXContainerItemProxy section */

/* Begin PBXFileReference section */
		FD60A63D29BF1CC900B0750F /* en */ = {isa = PBXFileReference; lastKnownFileType = text.plist.strings; name = en; path = en.lproj/Localizable.strings; sourceTree = "<group>"; };
		FD60A63F29BF1F8800B0750F /* hi */ = {isa = PBXFileReference; lastKnownFileType = text.plist.strings; name = hi; path = hi.lproj/Localizable.strings; sourceTree = "<group>"; };
		FD60A64129BF244B00B0750F /* Strings+Generated.swift */ = {isa = PBXFileReference; fileEncoding = 4; lastKnownFileType = sourcecode.swift; path = "Strings+Generated.swift"; sourceTree = SOURCE_ROOT; };
		FD60A65629BF3D1C00B0750F /* BhagavadGita-Dev.xcconfig */ = {isa = PBXFileReference; lastKnownFileType = text.xcconfig; path = "BhagavadGita-Dev.xcconfig"; sourceTree = "<group>"; };
		FD60A65829BF3D6900B0750F /* BhagavadGita-QA.xcconfig */ = {isa = PBXFileReference; lastKnownFileType = text.xcconfig; path = "BhagavadGita-QA.xcconfig"; sourceTree = "<group>"; };
		FD60A65929BF3D7600B0750F /* BhagavadGita-Prod.xcconfig */ = {isa = PBXFileReference; lastKnownFileType = text.xcconfig; path = "BhagavadGita-Prod.xcconfig"; sourceTree = "<group>"; };
		FD60A65C29BF3F0300B0750F /* Info.plist */ = {isa = PBXFileReference; lastKnownFileType = text.plist; path = Info.plist; sourceTree = "<group>"; };
		FD60A65D29BF3F4A00B0750F /* ConfigurationManager.swift */ = {isa = PBXFileReference; lastKnownFileType = sourcecode.swift; path = ConfigurationManager.swift; sourceTree = "<group>"; };
		FDA25A5529BF4AC20072C390 /* GoogleService-Info.plist */ = {isa = PBXFileReference; lastKnownFileType = text.plist.xml; path = "GoogleService-Info.plist"; sourceTree = "<group>"; };
		FDA25A5729BF4AC20072C390 /* GoogleService-Info.plist */ = {isa = PBXFileReference; lastKnownFileType = text.plist.xml; path = "GoogleService-Info.plist"; sourceTree = "<group>"; };
		FDA25A5929BF4AC20072C390 /* GoogleService-Info.plist */ = {isa = PBXFileReference; lastKnownFileType = text.plist.xml; path = "GoogleService-Info.plist"; sourceTree = "<group>"; };
		FDA25A5A29BF4B580072C390 /* AppDelegate.swift */ = {isa = PBXFileReference; lastKnownFileType = sourcecode.swift; path = AppDelegate.swift; sourceTree = "<group>"; };
		FDA25A5E29BF5E2A0072C390 /* FirebaseAnalyticsManager.swift */ = {isa = PBXFileReference; lastKnownFileType = sourcecode.swift; path = FirebaseAnalyticsManager.swift; sourceTree = "<group>"; };
		FDA25A6029BF60DF0072C390 /* AnalyticsManager.swift */ = {isa = PBXFileReference; lastKnownFileType = sourcecode.swift; path = AnalyticsManager.swift; sourceTree = "<group>"; };
		FDD4266C29BB5C1C008DE682 /* BhagavadGita.app */ = {isa = PBXFileReference; explicitFileType = wrapper.application; includeInIndex = 0; path = BhagavadGita.app; sourceTree = BUILT_PRODUCTS_DIR; };
		FDD4266F29BB5C1C008DE682 /* BhagavadGitaApp.swift */ = {isa = PBXFileReference; lastKnownFileType = sourcecode.swift; path = BhagavadGitaApp.swift; sourceTree = "<group>"; };
		FDD4267129BB5C1C008DE682 /* ContentView.swift */ = {isa = PBXFileReference; lastKnownFileType = sourcecode.swift; path = ContentView.swift; sourceTree = "<group>"; };
		FDD4267329BB5C20008DE682 /* Assets.xcassets */ = {isa = PBXFileReference; lastKnownFileType = folder.assetcatalog; path = Assets.xcassets; sourceTree = "<group>"; };
		FDD4267629BB5C20008DE682 /* Preview Assets.xcassets */ = {isa = PBXFileReference; lastKnownFileType = folder.assetcatalog; path = "Preview Assets.xcassets"; sourceTree = "<group>"; };
		FDD4267C29BB5C20008DE682 /* BhagavadGitaTests.xctest */ = {isa = PBXFileReference; explicitFileType = wrapper.cfbundle; includeInIndex = 0; path = BhagavadGitaTests.xctest; sourceTree = BUILT_PRODUCTS_DIR; };
		FDD4268029BB5C20008DE682 /* BhagavadGitaTests.swift */ = {isa = PBXFileReference; lastKnownFileType = sourcecode.swift; path = BhagavadGitaTests.swift; sourceTree = "<group>"; };
		FDD4268629BB5C21008DE682 /* BhagavadGitaUITests.xctest */ = {isa = PBXFileReference; explicitFileType = wrapper.cfbundle; includeInIndex = 0; path = BhagavadGitaUITests.xctest; sourceTree = BUILT_PRODUCTS_DIR; };
		FDD4268A29BB5C21008DE682 /* BhagavadGitaUITests.swift */ = {isa = PBXFileReference; lastKnownFileType = sourcecode.swift; path = BhagavadGitaUITests.swift; sourceTree = "<group>"; };
		FDD4268C29BB5C21008DE682 /* BhagavadGitaUITestsLaunchTests.swift */ = {isa = PBXFileReference; lastKnownFileType = sourcecode.swift; path = BhagavadGitaUITestsLaunchTests.swift; sourceTree = "<group>"; };
		FDD4269F29BB8A83008DE682 /* BGLogger.swift */ = {isa = PBXFileReference; lastKnownFileType = sourcecode.swift; path = BGLogger.swift; sourceTree = "<group>"; };
/* End PBXFileReference section */

/* Begin PBXFrameworksBuildPhase section */
		FDD4266929BB5C1C008DE682 /* Frameworks */ = {
			isa = PBXFrameworksBuildPhase;
			buildActionMask = 2147483647;
			files = (
				FDD4269B29BB7E2E008DE682 /* BGUtility in Frameworks */,
				FDA25A5229BF49320072C390 /* FirebaseCrashlytics in Frameworks */,
				FDD4269E29BB847D008DE682 /* SwiftyBeaver in Frameworks */,
				FDA25A5029BF49320072C390 /* FirebaseAnalytics in Frameworks */,
			);
			runOnlyForDeploymentPostprocessing = 0;
		};
		FDD4267929BB5C20008DE682 /* Frameworks */ = {
			isa = PBXFrameworksBuildPhase;
			buildActionMask = 2147483647;
			files = (
			);
			runOnlyForDeploymentPostprocessing = 0;
		};
		FDD4268329BB5C21008DE682 /* Frameworks */ = {
			isa = PBXFrameworksBuildPhase;
			buildActionMask = 2147483647;
			files = (
			);
			runOnlyForDeploymentPostprocessing = 0;
		};
/* End PBXFrameworksBuildPhase section */

/* Begin PBXGroup section */
		FD60A64029BF23F600B0750F /* Helpers */ = {
			isa = PBXGroup;
			children = (
				FD60A64129BF244B00B0750F /* Strings+Generated.swift */,
			);
			path = Helpers;
			sourceTree = "<group>";
		};
		FD60A65529BF3D0300B0750F /* Configurations */ = {
			isa = PBXGroup;
			children = (
				FD60A65629BF3D1C00B0750F /* BhagavadGita-Dev.xcconfig */,
				FD60A65829BF3D6900B0750F /* BhagavadGita-QA.xcconfig */,
				FD60A65929BF3D7600B0750F /* BhagavadGita-Prod.xcconfig */,
				FD60A65D29BF3F4A00B0750F /* ConfigurationManager.swift */,
			);
			path = Configurations;
			sourceTree = "<group>";
		};
		FDA25A5329BF4AC20072C390 /* Firebase */ = {
			isa = PBXGroup;
			children = (
				FDA25A5829BF4AC20072C390 /* Dev */,
				FDA25A5629BF4AC20072C390 /* Qa */,
				FDA25A5429BF4AC20072C390 /* Prod */,
				FDA25A5E29BF5E2A0072C390 /* FirebaseAnalyticsManager.swift */,
				FDA25A6029BF60DF0072C390 /* AnalyticsManager.swift */,
			);
			path = Firebase;
			sourceTree = "<group>";
		};
		FDA25A5429BF4AC20072C390 /* Prod */ = {
			isa = PBXGroup;
			children = (
				FDA25A5529BF4AC20072C390 /* GoogleService-Info.plist */,
			);
			path = Prod;
			sourceTree = "<group>";
		};
		FDA25A5629BF4AC20072C390 /* Qa */ = {
			isa = PBXGroup;
			children = (
				FDA25A5729BF4AC20072C390 /* GoogleService-Info.plist */,
			);
			path = Qa;
			sourceTree = "<group>";
		};
		FDA25A5829BF4AC20072C390 /* Dev */ = {
			isa = PBXGroup;
			children = (
				FDA25A5929BF4AC20072C390 /* GoogleService-Info.plist */,
			);
			path = Dev;
			sourceTree = "<group>";
		};
		FDD4266329BB5C1C008DE682 = {
			isa = PBXGroup;
			children = (
				FDD4266E29BB5C1C008DE682 /* BhagavadGita */,
				FDD4267F29BB5C20008DE682 /* BhagavadGitaTests */,
				FDD4268929BB5C21008DE682 /* BhagavadGitaUITests */,
				FDD4266D29BB5C1C008DE682 /* Products */,
			);
			sourceTree = "<group>";
		};
		FDD4266D29BB5C1C008DE682 /* Products */ = {
			isa = PBXGroup;
			children = (
				FDD4266C29BB5C1C008DE682 /* BhagavadGita.app */,
				FDD4267C29BB5C20008DE682 /* BhagavadGitaTests.xctest */,
				FDD4268629BB5C21008DE682 /* BhagavadGitaUITests.xctest */,
			);
			name = Products;
			sourceTree = "<group>";
		};
		FDD4266E29BB5C1C008DE682 /* BhagavadGita */ = {
			isa = PBXGroup;
			children = (
				FD60A65C29BF3F0300B0750F /* Info.plist */,
				FDA25A5329BF4AC20072C390 /* Firebase */,
				FD60A65529BF3D0300B0750F /* Configurations */,
				FD60A64029BF23F600B0750F /* Helpers */,
				FDD4269F29BB8A83008DE682 /* BGLogger.swift */,
				FDD4266F29BB5C1C008DE682 /* BhagavadGitaApp.swift */,
				FDD4267129BB5C1C008DE682 /* ContentView.swift */,
				FD60A63E29BF1CC900B0750F /* Localizable.strings */,
				FDD4267329BB5C20008DE682 /* Assets.xcassets */,
				FDD4267529BB5C20008DE682 /* Preview Content */,
				FDA25A5A29BF4B580072C390 /* AppDelegate.swift */,
			);
			path = BhagavadGita;
			sourceTree = "<group>";
		};
		FDD4267529BB5C20008DE682 /* Preview Content */ = {
			isa = PBXGroup;
			children = (
				FDD4267629BB5C20008DE682 /* Preview Assets.xcassets */,
			);
			path = "Preview Content";
			sourceTree = "<group>";
		};
		FDD4267F29BB5C20008DE682 /* BhagavadGitaTests */ = {
			isa = PBXGroup;
			children = (
				FDD4268029BB5C20008DE682 /* BhagavadGitaTests.swift */,
			);
			path = BhagavadGitaTests;
			sourceTree = "<group>";
		};
		FDD4268929BB5C21008DE682 /* BhagavadGitaUITests */ = {
			isa = PBXGroup;
			children = (
				FDD4268A29BB5C21008DE682 /* BhagavadGitaUITests.swift */,
				FDD4268C29BB5C21008DE682 /* BhagavadGitaUITestsLaunchTests.swift */,
			);
			path = BhagavadGitaUITests;
			sourceTree = "<group>";
		};
/* End PBXGroup section */

/* Begin PBXNativeTarget section */
		FDD4266B29BB5C1C008DE682 /* BhagavadGita */ = {
			isa = PBXNativeTarget;
			buildConfigurationList = FDD4269029BB5C21008DE682 /* Build configuration list for PBXNativeTarget "BhagavadGita" */;
			buildPhases = (
				FDA25A5C29BF4D4B0072C390 /* Firebase */,
				FD60A64329BF25AD00B0750F /* SwiftGen */,
				FD60A63929BCC31E00B0750F /* SwiftLint */,
				FDD4266829BB5C1C008DE682 /* Sources */,
				FDD4266929BB5C1C008DE682 /* Frameworks */,
				FDD4266A29BB5C1C008DE682 /* Resources */,
				FD60A64429BF287600B0750F /* SwiftFormat */,
			);
			buildRules = (
			);
			dependencies = (
			);
			name = BhagavadGita;
			packageProductDependencies = (
				FDD4269A29BB7E2E008DE682 /* BGUtility */,
				FDD4269D29BB847D008DE682 /* SwiftyBeaver */,
				FDA25A4F29BF49320072C390 /* FirebaseAnalytics */,
				FDA25A5129BF49320072C390 /* FirebaseCrashlytics */,
			);
			productName = BhagavadGita;
			productReference = FDD4266C29BB5C1C008DE682 /* BhagavadGita.app */;
			productType = "com.apple.product-type.application";
		};
		FDD4267B29BB5C20008DE682 /* BhagavadGitaTests */ = {
			isa = PBXNativeTarget;
			buildConfigurationList = FDD4269329BB5C21008DE682 /* Build configuration list for PBXNativeTarget "BhagavadGitaTests" */;
			buildPhases = (
				FDD4267829BB5C20008DE682 /* Sources */,
				FDD4267929BB5C20008DE682 /* Frameworks */,
				FDD4267A29BB5C20008DE682 /* Resources */,
			);
			buildRules = (
			);
			dependencies = (
				FDD4267E29BB5C20008DE682 /* PBXTargetDependency */,
			);
			name = BhagavadGitaTests;
			productName = BhagavadGitaTests;
			productReference = FDD4267C29BB5C20008DE682 /* BhagavadGitaTests.xctest */;
			productType = "com.apple.product-type.bundle.unit-test";
		};
		FDD4268529BB5C21008DE682 /* BhagavadGitaUITests */ = {
			isa = PBXNativeTarget;
			buildConfigurationList = FDD4269629BB5C21008DE682 /* Build configuration list for PBXNativeTarget "BhagavadGitaUITests" */;
			buildPhases = (
				FDD4268229BB5C21008DE682 /* Sources */,
				FDD4268329BB5C21008DE682 /* Frameworks */,
				FDD4268429BB5C21008DE682 /* Resources */,
			);
			buildRules = (
			);
			dependencies = (
				FDD4268829BB5C21008DE682 /* PBXTargetDependency */,
			);
			name = BhagavadGitaUITests;
			productName = BhagavadGitaUITests;
			productReference = FDD4268629BB5C21008DE682 /* BhagavadGitaUITests.xctest */;
			productType = "com.apple.product-type.bundle.ui-testing";
		};
/* End PBXNativeTarget section */

/* Begin PBXProject section */
		FDD4266429BB5C1C008DE682 /* Project object */ = {
			isa = PBXProject;
			attributes = {
				BuildIndependentTargetsInParallel = 1;
				LastSwiftUpdateCheck = 1420;
				LastUpgradeCheck = 1420;
				TargetAttributes = {
					FDD4266B29BB5C1C008DE682 = {
						CreatedOnToolsVersion = 14.2;
					};
					FDD4267B29BB5C20008DE682 = {
						CreatedOnToolsVersion = 14.2;
						TestTargetID = FDD4266B29BB5C1C008DE682;
					};
					FDD4268529BB5C21008DE682 = {
						CreatedOnToolsVersion = 14.2;
						TestTargetID = FDD4266B29BB5C1C008DE682;
					};
				};
			};
			buildConfigurationList = FDD4266729BB5C1C008DE682 /* Build configuration list for PBXProject "BhagavadGita" */;
			compatibilityVersion = "Xcode 14.0";
			developmentRegion = en;
			hasScannedForEncodings = 0;
			knownRegions = (
				en,
				Base,
				hi,
			);
			mainGroup = FDD4266329BB5C1C008DE682;
			packageReferences = (
				FDD4269929BB7E2E008DE682 /* XCRemoteSwiftPackageReference "BGUtilityPackage" */,
				FDD4269C29BB847D008DE682 /* XCRemoteSwiftPackageReference "SwiftyBeaver" */,
				FDA25A4E29BF49320072C390 /* XCRemoteSwiftPackageReference "firebase-ios-sdk" */,
			);
			productRefGroup = FDD4266D29BB5C1C008DE682 /* Products */;
			projectDirPath = "";
			projectRoot = "";
			targets = (
				FDD4266B29BB5C1C008DE682 /* BhagavadGita */,
				FDD4267B29BB5C20008DE682 /* BhagavadGitaTests */,
				FDD4268529BB5C21008DE682 /* BhagavadGitaUITests */,
			);
		};
/* End PBXProject section */

/* Begin PBXResourcesBuildPhase section */
		FDD4266A29BB5C1C008DE682 /* Resources */ = {
			isa = PBXResourcesBuildPhase;
			buildActionMask = 2147483647;
			files = (
				FD60A65A29BF3D7800B0750F /* BhagavadGita-Prod.xcconfig in Resources */,
				FDD4267729BB5C20008DE682 /* Preview Assets.xcassets in Resources */,
				FD60A63C29BF1CC900B0750F /* Localizable.strings in Resources */,
				FD60A65B29BF3D7C00B0750F /* BhagavadGita-QA.xcconfig in Resources */,
				FDD4267429BB5C20008DE682 /* Assets.xcassets in Resources */,
				FD60A65729BF3D2600B0750F /* BhagavadGita-Dev.xcconfig in Resources */,
			);
			runOnlyForDeploymentPostprocessing = 0;
		};
		FDD4267A29BB5C20008DE682 /* Resources */ = {
			isa = PBXResourcesBuildPhase;
			buildActionMask = 2147483647;
			files = (
			);
			runOnlyForDeploymentPostprocessing = 0;
		};
		FDD4268429BB5C21008DE682 /* Resources */ = {
			isa = PBXResourcesBuildPhase;
			buildActionMask = 2147483647;
			files = (
			);
			runOnlyForDeploymentPostprocessing = 0;
		};
/* End PBXResourcesBuildPhase section */

/* Begin PBXShellScriptBuildPhase section */
		FD60A63929BCC31E00B0750F /* SwiftLint */ = {
			isa = PBXShellScriptBuildPhase;
			buildActionMask = 2147483647;
			files = (
			);
			inputFileListPaths = (
			);
			inputPaths = (
			);
			name = SwiftLint;
			outputFileListPaths = (
			);
			outputPaths = (
			);
			runOnlyForDeploymentPostprocessing = 0;
			shellPath = /bin/sh;
			shellScript = "export PATH=\"$PATH:/opt/homebrew/bin\"\nif which swiftlint > /dev/null; then\n  swiftlint\nelse\n  echo \"warning: SwiftLint not installed, download from https://github.com/realm/SwiftLint\"\nfi\n";
		};
		FD60A64329BF25AD00B0750F /* SwiftGen */ = {
			isa = PBXShellScriptBuildPhase;
			buildActionMask = 2147483647;
			files = (
			);
			inputFileListPaths = (
			);
			inputPaths = (
			);
			name = SwiftGen;
			outputFileListPaths = (
			);
			outputPaths = (
			);
			runOnlyForDeploymentPostprocessing = 0;
			shellPath = /bin/sh;
			shellScript = "if which swiftgen >/dev/null; then\n  swiftgen\nelse\n  echo \"warning: SwiftGen not installed, download it from https://github.com/SwiftGen/SwiftGen\"\nfi\n";
		};
		FD60A64429BF287600B0750F /* SwiftFormat */ = {
			isa = PBXShellScriptBuildPhase;
			buildActionMask = 2147483647;
			files = (
			);
			inputFileListPaths = (
			);
			inputPaths = (
			);
			name = SwiftFormat;
			outputFileListPaths = (
			);
			outputPaths = (
			);
			runOnlyForDeploymentPostprocessing = 0;
			shellPath = /bin/sh;
			shellScript = "if which swiftformat >/dev/null; then\n  swiftformat .\nelse\n  echo \"warning: SwiftFormat not installed, download from https://github.com/nicklockwood/SwiftFormat\"\nfi\n";
		};
		FDA25A5C29BF4D4B0072C390 /* Firebase */ = {
			isa = PBXShellScriptBuildPhase;
			buildActionMask = 2147483647;
			files = (
			);
			inputFileListPaths = (
			);
			inputPaths = (
			);
			name = Firebase;
			outputFileListPaths = (
			);
			outputPaths = (
			);
			runOnlyForDeploymentPostprocessing = 0;
			shellPath = /bin/sh;
			shellScript = "# Name of the resource we’re selectively copying\nGOOGLESERVICE_INFO_PLIST=GoogleService-Info.plist\n\n# Get references to dev and prod versions of the GoogleService-Info.plist\n# Note: These should only live on the file system and should not be part of the target (since we’ll be adding them)\n\nGOOGLESERVICE_INFO_DEV=${PROJECT_DIR}/${TARGET_NAME}/Firebase/Dev/${GOOGLESERVICE_INFO_PLIST}\nGOOGLESERVICE_INFO_PROD=${PROJECT_DIR}/${TARGET_NAME}/Firebase/Prod/${GOOGLESERVICE_INFO_PLIST}\nGOOGLESERVICE_INFO_QA=${PROJECT_DIR}/${TARGET_NAME}/Firebase/Qa/${GOOGLESERVICE_INFO_PLIST}\n\n# Make sure the dev version of GoogleService-Info.plist exists\necho \"Looking for ${GOOGLESERVICE_INFO_PLIST} in ${GOOGLESERVICE_INFO_DEV}\"\nif [ ! -f $GOOGLESERVICE_INFO_DEV ]\nthen\n\techo \"No Development GoogleService-Info.plist found. Please ensure it’s in the proper directory.\"\n\texit 1\nfi\n\n# Make sure the prod version of GoogleService-Info.plist exists\necho \"Looking for ${GOOGLESERVICE_INFO_PLIST} in ${GOOGLESERVICE_INFO_PROD}\"\nif [ ! -f $GOOGLESERVICE_INFO_PROD ]\nthen\n\techo \"No Production GoogleService-Info.plist found. Please ensure it’s in the proper directory.\"\n\texit 1\nfi\n\n# Make sure the QA version of GoogleService-Info.plist exists\necho \"Looking for ${GOOGLESERVICE_INFO_PLIST} in ${GOOGLESERVICE_INFO_QA}\"\nif [ ! -f $GOOGLESERVICE_INFO_QA ]\nthen\n\techo \"No QA GoogleService-Info.plist found. Please ensure it’s in the proper directory.\"\n\texit 1\nfi\n\n# Get a reference to the destination location for the GoogleService-Info.plist\nPLIST_DESTINATION=${BUILT_PRODUCTS_DIR}/${PRODUCT_NAME}.app\necho \"Will copy ${GOOGLESERVICE_INFO_PLIST} to final destination: ${PLIST_DESTINATION}\"\n\n# Copy over the prod GoogleService-Info.plist for Release builds\nif [ \"${CONFIGURATION}\" == \"Debug-Prod\" ]\nthen\necho \"Using ${GOOGLESERVICE_INFO_PROD}\"\ncp \"${GOOGLESERVICE_INFO_PROD}\" \"${PLIST_DESTINATION}\"\nelif [ \"${CONFIGURATION}\" == \"Debug-QA\" ]\nthen\necho \"Using ${GOOGLESERVICE_INFO_QA}\"\ncp \"${GOOGLESERVICE_INFO_QA}\" \"${PLIST_DESTINATION}\"\nelse\necho \"Using ${GOOGLESERVICE_INFO_DEV}\"\ncp \"${GOOGLESERVICE_INFO_DEV}\" \"${PLIST_DESTINATION}\"\nfi\n";
		};
/* End PBXShellScriptBuildPhase section */

/* Begin PBXSourcesBuildPhase section */
		FDD4266829BB5C1C008DE682 /* Sources */ = {
			isa = PBXSourcesBuildPhase;
			buildActionMask = 2147483647;
			files = (
				FDA25A5B29BF4B580072C390 /* AppDelegate.swift in Sources */,
				FDA25A5F29BF5E2A0072C390 /* FirebaseAnalyticsManager.swift in Sources */,
				FD60A65E29BF3F4A00B0750F /* ConfigurationManager.swift in Sources */,
				FDD4267229BB5C1C008DE682 /* ContentView.swift in Sources */,
				FDA25A6129BF60DF0072C390 /* AnalyticsManager.swift in Sources */,
				FDD4267029BB5C1C008DE682 /* BhagavadGitaApp.swift in Sources */,
				FD60A64229BF244B00B0750F /* Strings+Generated.swift in Sources */,
				FDD426A029BB8A83008DE682 /* BGLogger.swift in Sources */,
			);
			runOnlyForDeploymentPostprocessing = 0;
		};
		FDD4267829BB5C20008DE682 /* Sources */ = {
			isa = PBXSourcesBuildPhase;
			buildActionMask = 2147483647;
			files = (
				FDD4268129BB5C20008DE682 /* BhagavadGitaTests.swift in Sources */,
			);
			runOnlyForDeploymentPostprocessing = 0;
		};
		FDD4268229BB5C21008DE682 /* Sources */ = {
			isa = PBXSourcesBuildPhase;
			buildActionMask = 2147483647;
			files = (
				FDD4268B29BB5C21008DE682 /* BhagavadGitaUITests.swift in Sources */,
				FDD4268D29BB5C21008DE682 /* BhagavadGitaUITestsLaunchTests.swift in Sources */,
			);
			runOnlyForDeploymentPostprocessing = 0;
		};
/* End PBXSourcesBuildPhase section */

/* Begin PBXTargetDependency section */
		FDD4267E29BB5C20008DE682 /* PBXTargetDependency */ = {
			isa = PBXTargetDependency;
			target = FDD4266B29BB5C1C008DE682 /* BhagavadGita */;
			targetProxy = FDD4267D29BB5C20008DE682 /* PBXContainerItemProxy */;
		};
		FDD4268829BB5C21008DE682 /* PBXTargetDependency */ = {
			isa = PBXTargetDependency;
			target = FDD4266B29BB5C1C008DE682 /* BhagavadGita */;
			targetProxy = FDD4268729BB5C21008DE682 /* PBXContainerItemProxy */;
		};
/* End PBXTargetDependency section */

/* Begin PBXVariantGroup section */
		FD60A63E29BF1CC900B0750F /* Localizable.strings */ = {
			isa = PBXVariantGroup;
			children = (
				FD60A63D29BF1CC900B0750F /* en */,
				FD60A63F29BF1F8800B0750F /* hi */,
			);
			name = Localizable.strings;
			sourceTree = "<group>";
		};
/* End PBXVariantGroup section */

/* Begin XCBuildConfiguration section */
		FD60A64529BF37E700B0750F /* Debug-QA */ = {
			isa = XCBuildConfiguration;
			buildSettings = {
				ALWAYS_SEARCH_USER_PATHS = NO;
				CLANG_ANALYZER_LOCALIZABILITY_NONLOCALIZED = YES;
				CLANG_ANALYZER_NONNULL = YES;
				CLANG_ANALYZER_NUMBER_OBJECT_CONVERSION = YES_AGGRESSIVE;
				CLANG_CXX_LANGUAGE_STANDARD = "gnu++20";
				CLANG_ENABLE_MODULES = YES;
				CLANG_ENABLE_OBJC_ARC = YES;
				CLANG_ENABLE_OBJC_WEAK = YES;
				CLANG_WARN_BLOCK_CAPTURE_AUTORELEASING = YES;
				CLANG_WARN_BOOL_CONVERSION = YES;
				CLANG_WARN_COMMA = YES;
				CLANG_WARN_CONSTANT_CONVERSION = YES;
				CLANG_WARN_DEPRECATED_OBJC_IMPLEMENTATIONS = YES;
				CLANG_WARN_DIRECT_OBJC_ISA_USAGE = YES_ERROR;
				CLANG_WARN_DOCUMENTATION_COMMENTS = YES;
				CLANG_WARN_EMPTY_BODY = YES;
				CLANG_WARN_ENUM_CONVERSION = YES;
				CLANG_WARN_INFINITE_RECURSION = YES;
				CLANG_WARN_INT_CONVERSION = YES;
				CLANG_WARN_NON_LITERAL_NULL_CONVERSION = YES;
				CLANG_WARN_OBJC_IMPLICIT_RETAIN_SELF = YES;
				CLANG_WARN_OBJC_LITERAL_CONVERSION = YES;
				CLANG_WARN_OBJC_ROOT_CLASS = YES_ERROR;
				CLANG_WARN_QUOTED_INCLUDE_IN_FRAMEWORK_HEADER = YES;
				CLANG_WARN_RANGE_LOOP_ANALYSIS = YES;
				CLANG_WARN_STRICT_PROTOTYPES = YES;
				CLANG_WARN_SUSPICIOUS_MOVE = YES;
				CLANG_WARN_UNGUARDED_AVAILABILITY = YES_AGGRESSIVE;
				CLANG_WARN_UNREACHABLE_CODE = YES;
				CLANG_WARN__DUPLICATE_METHOD_MATCH = YES;
				COPY_PHASE_STRIP = NO;
				DEBUG_INFORMATION_FORMAT = dwarf;
				ENABLE_STRICT_OBJC_MSGSEND = YES;
				ENABLE_TESTABILITY = YES;
				GCC_C_LANGUAGE_STANDARD = gnu11;
				GCC_DYNAMIC_NO_PIC = NO;
				GCC_NO_COMMON_BLOCKS = YES;
				GCC_OPTIMIZATION_LEVEL = 0;
				GCC_PREPROCESSOR_DEFINITIONS = (
					"DEBUG=1",
					"$(inherited)",
				);
				GCC_WARN_64_TO_32_BIT_CONVERSION = YES;
				GCC_WARN_ABOUT_RETURN_TYPE = YES_ERROR;
				GCC_WARN_UNDECLARED_SELECTOR = YES;
				GCC_WARN_UNINITIALIZED_AUTOS = YES_AGGRESSIVE;
				GCC_WARN_UNUSED_FUNCTION = YES;
				GCC_WARN_UNUSED_VARIABLE = YES;
				IPHONEOS_DEPLOYMENT_TARGET = 16.2;
				MTL_ENABLE_DEBUG_INFO = INCLUDE_SOURCE;
				MTL_FAST_MATH = YES;
				ONLY_ACTIVE_ARCH = YES;
				SDKROOT = iphoneos;
				SWIFT_ACTIVE_COMPILATION_CONDITIONS = DEBUG;
				SWIFT_OPTIMIZATION_LEVEL = "-Onone";
			};
			name = "Debug-QA";
		};
		FD60A64629BF37E700B0750F /* Debug-QA */ = {
			isa = XCBuildConfiguration;
			baseConfigurationReference = FD60A65829BF3D6900B0750F /* BhagavadGita-QA.xcconfig */;
			buildSettings = {
				ASSETCATALOG_COMPILER_APPICON_NAME = AppIcon;
				ASSETCATALOG_COMPILER_GLOBAL_ACCENT_COLOR_NAME = AccentColor;
				CODE_SIGN_STYLE = Automatic;
				CURRENT_PROJECT_VERSION = 1;
				DEVELOPMENT_ASSET_PATHS = "\"BhagavadGita/Preview Content\"";
				DEVELOPMENT_TEAM = XP6V4T4UU6;
				ENABLE_PREVIEWS = YES;
				GENERATE_INFOPLIST_FILE = YES;
				INFOPLIST_FILE = BhagavadGita/Info.plist;
				INFOPLIST_KEY_CFBundleDisplayName = "Bhagavad-QA";
				INFOPLIST_KEY_UIApplicationSceneManifest_Generation = YES;
				INFOPLIST_KEY_UIApplicationSupportsIndirectInputEvents = YES;
				INFOPLIST_KEY_UILaunchScreen_Generation = YES;
				INFOPLIST_KEY_UISupportedInterfaceOrientations_iPad = "UIInterfaceOrientationPortrait UIInterfaceOrientationPortraitUpsideDown UIInterfaceOrientationLandscapeLeft UIInterfaceOrientationLandscapeRight";
				INFOPLIST_KEY_UISupportedInterfaceOrientations_iPhone = "UIInterfaceOrientationPortrait UIInterfaceOrientationLandscapeLeft UIInterfaceOrientationLandscapeRight";
				LD_RUNPATH_SEARCH_PATHS = (
					"$(inherited)",
					"@executable_path/Frameworks",
				);
				MARKETING_VERSION = 1.0;
				PRODUCT_BUNDLE_IDENTIFIER = com.blacenova.BhagavadGita.qa;
				PRODUCT_NAME = "$(TARGET_NAME)";
				SWIFT_ACTIVE_COMPILATION_CONDITIONS = "DEBUG QA";
				SWIFT_EMIT_LOC_STRINGS = YES;
				SWIFT_VERSION = 5.0;
				TARGETED_DEVICE_FAMILY = "1,2";
			};
			name = "Debug-QA";
		};
		FD60A64729BF37E700B0750F /* Debug-QA */ = {
			isa = XCBuildConfiguration;
			buildSettings = {
				ALWAYS_EMBED_SWIFT_STANDARD_LIBRARIES = YES;
				BUNDLE_LOADER = "$(TEST_HOST)";
				CODE_SIGN_STYLE = Automatic;
				CURRENT_PROJECT_VERSION = 1;
				DEVELOPMENT_TEAM = XP6V4T4UU6;
				GENERATE_INFOPLIST_FILE = YES;
				IPHONEOS_DEPLOYMENT_TARGET = 16.2;
				MARKETING_VERSION = 1.0;
				PRODUCT_BUNDLE_IDENTIFIER = com.blacenova.BhagavadGitaTests;
				PRODUCT_NAME = "$(TARGET_NAME)";
				SWIFT_EMIT_LOC_STRINGS = NO;
				SWIFT_VERSION = 5.0;
				TARGETED_DEVICE_FAMILY = "1,2";
				TEST_HOST = "$(BUILT_PRODUCTS_DIR)/BhagavadGita.app/$(BUNDLE_EXECUTABLE_FOLDER_PATH)/BhagavadGita";
			};
			name = "Debug-QA";
		};
		FD60A64829BF37E700B0750F /* Debug-QA */ = {
			isa = XCBuildConfiguration;
			buildSettings = {
				ALWAYS_EMBED_SWIFT_STANDARD_LIBRARIES = YES;
				CODE_SIGN_STYLE = Automatic;
				CURRENT_PROJECT_VERSION = 1;
				DEVELOPMENT_TEAM = XP6V4T4UU6;
				GENERATE_INFOPLIST_FILE = YES;
				MARKETING_VERSION = 1.0;
				PRODUCT_BUNDLE_IDENTIFIER = com.blacenova.BhagavadGitaUITests;
				PRODUCT_NAME = "$(TARGET_NAME)";
				SWIFT_EMIT_LOC_STRINGS = NO;
				SWIFT_VERSION = 5.0;
				TARGETED_DEVICE_FAMILY = "1,2";
				TEST_TARGET_NAME = BhagavadGita;
			};
			name = "Debug-QA";
		};
		FD60A64929BF37F100B0750F /* Debug-Prod */ = {
			isa = XCBuildConfiguration;
			buildSettings = {
				ALWAYS_SEARCH_USER_PATHS = NO;
				CLANG_ANALYZER_LOCALIZABILITY_NONLOCALIZED = YES;
				CLANG_ANALYZER_NONNULL = YES;
				CLANG_ANALYZER_NUMBER_OBJECT_CONVERSION = YES_AGGRESSIVE;
				CLANG_CXX_LANGUAGE_STANDARD = "gnu++20";
				CLANG_ENABLE_MODULES = YES;
				CLANG_ENABLE_OBJC_ARC = YES;
				CLANG_ENABLE_OBJC_WEAK = YES;
				CLANG_WARN_BLOCK_CAPTURE_AUTORELEASING = YES;
				CLANG_WARN_BOOL_CONVERSION = YES;
				CLANG_WARN_COMMA = YES;
				CLANG_WARN_CONSTANT_CONVERSION = YES;
				CLANG_WARN_DEPRECATED_OBJC_IMPLEMENTATIONS = YES;
				CLANG_WARN_DIRECT_OBJC_ISA_USAGE = YES_ERROR;
				CLANG_WARN_DOCUMENTATION_COMMENTS = YES;
				CLANG_WARN_EMPTY_BODY = YES;
				CLANG_WARN_ENUM_CONVERSION = YES;
				CLANG_WARN_INFINITE_RECURSION = YES;
				CLANG_WARN_INT_CONVERSION = YES;
				CLANG_WARN_NON_LITERAL_NULL_CONVERSION = YES;
				CLANG_WARN_OBJC_IMPLICIT_RETAIN_SELF = YES;
				CLANG_WARN_OBJC_LITERAL_CONVERSION = YES;
				CLANG_WARN_OBJC_ROOT_CLASS = YES_ERROR;
				CLANG_WARN_QUOTED_INCLUDE_IN_FRAMEWORK_HEADER = YES;
				CLANG_WARN_RANGE_LOOP_ANALYSIS = YES;
				CLANG_WARN_STRICT_PROTOTYPES = YES;
				CLANG_WARN_SUSPICIOUS_MOVE = YES;
				CLANG_WARN_UNGUARDED_AVAILABILITY = YES_AGGRESSIVE;
				CLANG_WARN_UNREACHABLE_CODE = YES;
				CLANG_WARN__DUPLICATE_METHOD_MATCH = YES;
				COPY_PHASE_STRIP = NO;
				DEBUG_INFORMATION_FORMAT = dwarf;
				ENABLE_STRICT_OBJC_MSGSEND = YES;
				ENABLE_TESTABILITY = YES;
				GCC_C_LANGUAGE_STANDARD = gnu11;
				GCC_DYNAMIC_NO_PIC = NO;
				GCC_NO_COMMON_BLOCKS = YES;
				GCC_OPTIMIZATION_LEVEL = 0;
				GCC_PREPROCESSOR_DEFINITIONS = (
					"DEBUG=1",
					"$(inherited)",
				);
				GCC_WARN_64_TO_32_BIT_CONVERSION = YES;
				GCC_WARN_ABOUT_RETURN_TYPE = YES_ERROR;
				GCC_WARN_UNDECLARED_SELECTOR = YES;
				GCC_WARN_UNINITIALIZED_AUTOS = YES_AGGRESSIVE;
				GCC_WARN_UNUSED_FUNCTION = YES;
				GCC_WARN_UNUSED_VARIABLE = YES;
				IPHONEOS_DEPLOYMENT_TARGET = 16.2;
				MTL_ENABLE_DEBUG_INFO = INCLUDE_SOURCE;
				MTL_FAST_MATH = YES;
				ONLY_ACTIVE_ARCH = YES;
				SDKROOT = iphoneos;
				SWIFT_ACTIVE_COMPILATION_CONDITIONS = DEBUG;
				SWIFT_OPTIMIZATION_LEVEL = "-Onone";
			};
			name = "Debug-Prod";
		};
		FD60A64A29BF37F100B0750F /* Debug-Prod */ = {
			isa = XCBuildConfiguration;
			baseConfigurationReference = FD60A65929BF3D7600B0750F /* BhagavadGita-Prod.xcconfig */;
			buildSettings = {
				ASSETCATALOG_COMPILER_APPICON_NAME = AppIcon;
				ASSETCATALOG_COMPILER_GLOBAL_ACCENT_COLOR_NAME = AccentColor;
				CODE_SIGN_STYLE = Automatic;
				CURRENT_PROJECT_VERSION = 1;
				DEVELOPMENT_ASSET_PATHS = "\"BhagavadGita/Preview Content\"";
				DEVELOPMENT_TEAM = XP6V4T4UU6;
				ENABLE_PREVIEWS = YES;
				GENERATE_INFOPLIST_FILE = YES;
				INFOPLIST_FILE = BhagavadGita/Info.plist;
				INFOPLIST_KEY_CFBundleDisplayName = "Bhagavad-Prod";
				INFOPLIST_KEY_UIApplicationSceneManifest_Generation = YES;
				INFOPLIST_KEY_UIApplicationSupportsIndirectInputEvents = YES;
				INFOPLIST_KEY_UILaunchScreen_Generation = YES;
				INFOPLIST_KEY_UISupportedInterfaceOrientations_iPad = "UIInterfaceOrientationPortrait UIInterfaceOrientationPortraitUpsideDown UIInterfaceOrientationLandscapeLeft UIInterfaceOrientationLandscapeRight";
				INFOPLIST_KEY_UISupportedInterfaceOrientations_iPhone = "UIInterfaceOrientationPortrait UIInterfaceOrientationLandscapeLeft UIInterfaceOrientationLandscapeRight";
				LD_RUNPATH_SEARCH_PATHS = (
					"$(inherited)",
					"@executable_path/Frameworks",
				);
				MARKETING_VERSION = 1.0;
				PRODUCT_BUNDLE_IDENTIFIER = com.blacenova.BhagavadGita.prod;
				PRODUCT_NAME = "$(TARGET_NAME)";
				SWIFT_ACTIVE_COMPILATION_CONDITIONS = "DEBUG PROD";
				SWIFT_EMIT_LOC_STRINGS = YES;
				SWIFT_VERSION = 5.0;
				TARGETED_DEVICE_FAMILY = "1,2";
			};
			name = "Debug-Prod";
		};
		FD60A64B29BF37F100B0750F /* Debug-Prod */ = {
			isa = XCBuildConfiguration;
			buildSettings = {
				ALWAYS_EMBED_SWIFT_STANDARD_LIBRARIES = YES;
				BUNDLE_LOADER = "$(TEST_HOST)";
				CODE_SIGN_STYLE = Automatic;
				CURRENT_PROJECT_VERSION = 1;
				DEVELOPMENT_TEAM = XP6V4T4UU6;
				GENERATE_INFOPLIST_FILE = YES;
				IPHONEOS_DEPLOYMENT_TARGET = 16.2;
				MARKETING_VERSION = 1.0;
				PRODUCT_BUNDLE_IDENTIFIER = com.blacenova.BhagavadGitaTests;
				PRODUCT_NAME = "$(TARGET_NAME)";
				SWIFT_EMIT_LOC_STRINGS = NO;
				SWIFT_VERSION = 5.0;
				TARGETED_DEVICE_FAMILY = "1,2";
				TEST_HOST = "$(BUILT_PRODUCTS_DIR)/BhagavadGita.app/$(BUNDLE_EXECUTABLE_FOLDER_PATH)/BhagavadGita";
			};
			name = "Debug-Prod";
		};
		FD60A64C29BF37F100B0750F /* Debug-Prod */ = {
			isa = XCBuildConfiguration;
			buildSettings = {
				ALWAYS_EMBED_SWIFT_STANDARD_LIBRARIES = YES;
				CODE_SIGN_STYLE = Automatic;
				CURRENT_PROJECT_VERSION = 1;
				DEVELOPMENT_TEAM = XP6V4T4UU6;
				GENERATE_INFOPLIST_FILE = YES;
				MARKETING_VERSION = 1.0;
				PRODUCT_BUNDLE_IDENTIFIER = com.blacenova.BhagavadGitaUITests;
				PRODUCT_NAME = "$(TARGET_NAME)";
				SWIFT_EMIT_LOC_STRINGS = NO;
				SWIFT_VERSION = 5.0;
				TARGETED_DEVICE_FAMILY = "1,2";
				TEST_TARGET_NAME = BhagavadGita;
			};
			name = "Debug-Prod";
		};
		FD60A64D29BF382100B0750F /* Release-QA */ = {
			isa = XCBuildConfiguration;
			buildSettings = {
				ALWAYS_SEARCH_USER_PATHS = NO;
				CLANG_ANALYZER_LOCALIZABILITY_NONLOCALIZED = YES;
				CLANG_ANALYZER_NONNULL = YES;
				CLANG_ANALYZER_NUMBER_OBJECT_CONVERSION = YES_AGGRESSIVE;
				CLANG_CXX_LANGUAGE_STANDARD = "gnu++20";
				CLANG_ENABLE_MODULES = YES;
				CLANG_ENABLE_OBJC_ARC = YES;
				CLANG_ENABLE_OBJC_WEAK = YES;
				CLANG_WARN_BLOCK_CAPTURE_AUTORELEASING = YES;
				CLANG_WARN_BOOL_CONVERSION = YES;
				CLANG_WARN_COMMA = YES;
				CLANG_WARN_CONSTANT_CONVERSION = YES;
				CLANG_WARN_DEPRECATED_OBJC_IMPLEMENTATIONS = YES;
				CLANG_WARN_DIRECT_OBJC_ISA_USAGE = YES_ERROR;
				CLANG_WARN_DOCUMENTATION_COMMENTS = YES;
				CLANG_WARN_EMPTY_BODY = YES;
				CLANG_WARN_ENUM_CONVERSION = YES;
				CLANG_WARN_INFINITE_RECURSION = YES;
				CLANG_WARN_INT_CONVERSION = YES;
				CLANG_WARN_NON_LITERAL_NULL_CONVERSION = YES;
				CLANG_WARN_OBJC_IMPLICIT_RETAIN_SELF = YES;
				CLANG_WARN_OBJC_LITERAL_CONVERSION = YES;
				CLANG_WARN_OBJC_ROOT_CLASS = YES_ERROR;
				CLANG_WARN_QUOTED_INCLUDE_IN_FRAMEWORK_HEADER = YES;
				CLANG_WARN_RANGE_LOOP_ANALYSIS = YES;
				CLANG_WARN_STRICT_PROTOTYPES = YES;
				CLANG_WARN_SUSPICIOUS_MOVE = YES;
				CLANG_WARN_UNGUARDED_AVAILABILITY = YES_AGGRESSIVE;
				CLANG_WARN_UNREACHABLE_CODE = YES;
				CLANG_WARN__DUPLICATE_METHOD_MATCH = YES;
				COPY_PHASE_STRIP = NO;
				DEBUG_INFORMATION_FORMAT = "dwarf-with-dsym";
				ENABLE_NS_ASSERTIONS = NO;
				ENABLE_STRICT_OBJC_MSGSEND = YES;
				GCC_C_LANGUAGE_STANDARD = gnu11;
				GCC_NO_COMMON_BLOCKS = YES;
				GCC_WARN_64_TO_32_BIT_CONVERSION = YES;
				GCC_WARN_ABOUT_RETURN_TYPE = YES_ERROR;
				GCC_WARN_UNDECLARED_SELECTOR = YES;
				GCC_WARN_UNINITIALIZED_AUTOS = YES_AGGRESSIVE;
				GCC_WARN_UNUSED_FUNCTION = YES;
				GCC_WARN_UNUSED_VARIABLE = YES;
				IPHONEOS_DEPLOYMENT_TARGET = 16.2;
				MTL_ENABLE_DEBUG_INFO = NO;
				MTL_FAST_MATH = YES;
				SDKROOT = iphoneos;
				SWIFT_COMPILATION_MODE = wholemodule;
				SWIFT_OPTIMIZATION_LEVEL = "-O";
				VALIDATE_PRODUCT = YES;
			};
			name = "Release-QA";
		};
		FD60A64E29BF382100B0750F /* Release-QA */ = {
			isa = XCBuildConfiguration;
			baseConfigurationReference = FD60A65829BF3D6900B0750F /* BhagavadGita-QA.xcconfig */;
			buildSettings = {
				ASSETCATALOG_COMPILER_APPICON_NAME = AppIcon;
				ASSETCATALOG_COMPILER_GLOBAL_ACCENT_COLOR_NAME = AccentColor;
				CODE_SIGN_STYLE = Automatic;
				CURRENT_PROJECT_VERSION = 1;
				DEVELOPMENT_ASSET_PATHS = "\"BhagavadGita/Preview Content\"";
				DEVELOPMENT_TEAM = XP6V4T4UU6;
				ENABLE_PREVIEWS = YES;
				GENERATE_INFOPLIST_FILE = YES;
				INFOPLIST_FILE = BhagavadGita/Info.plist;
				INFOPLIST_KEY_CFBundleDisplayName = "Bhagavad-QA";
				INFOPLIST_KEY_UIApplicationSceneManifest_Generation = YES;
				INFOPLIST_KEY_UIApplicationSupportsIndirectInputEvents = YES;
				INFOPLIST_KEY_UILaunchScreen_Generation = YES;
				INFOPLIST_KEY_UISupportedInterfaceOrientations_iPad = "UIInterfaceOrientationPortrait UIInterfaceOrientationPortraitUpsideDown UIInterfaceOrientationLandscapeLeft UIInterfaceOrientationLandscapeRight";
				INFOPLIST_KEY_UISupportedInterfaceOrientations_iPhone = "UIInterfaceOrientationPortrait UIInterfaceOrientationLandscapeLeft UIInterfaceOrientationLandscapeRight";
				LD_RUNPATH_SEARCH_PATHS = (
					"$(inherited)",
					"@executable_path/Frameworks",
				);
				MARKETING_VERSION = 1.0;
				PRODUCT_BUNDLE_IDENTIFIER = com.blacenova.BhagavadGita.qa;
				PRODUCT_NAME = "$(TARGET_NAME)";
				SWIFT_ACTIVE_COMPILATION_CONDITIONS = QA;
				SWIFT_EMIT_LOC_STRINGS = YES;
				SWIFT_VERSION = 5.0;
				TARGETED_DEVICE_FAMILY = "1,2";
			};
			name = "Release-QA";
		};
		FD60A64F29BF382100B0750F /* Release-QA */ = {
			isa = XCBuildConfiguration;
			buildSettings = {
				ALWAYS_EMBED_SWIFT_STANDARD_LIBRARIES = YES;
				BUNDLE_LOADER = "$(TEST_HOST)";
				CODE_SIGN_STYLE = Automatic;
				CURRENT_PROJECT_VERSION = 1;
				DEVELOPMENT_TEAM = XP6V4T4UU6;
				GENERATE_INFOPLIST_FILE = YES;
				IPHONEOS_DEPLOYMENT_TARGET = 16.2;
				MARKETING_VERSION = 1.0;
				PRODUCT_BUNDLE_IDENTIFIER = com.blacenova.BhagavadGitaTests;
				PRODUCT_NAME = "$(TARGET_NAME)";
				SWIFT_EMIT_LOC_STRINGS = NO;
				SWIFT_VERSION = 5.0;
				TARGETED_DEVICE_FAMILY = "1,2";
				TEST_HOST = "$(BUILT_PRODUCTS_DIR)/BhagavadGita.app/$(BUNDLE_EXECUTABLE_FOLDER_PATH)/BhagavadGita";
			};
			name = "Release-QA";
		};
		FD60A65029BF382100B0750F /* Release-QA */ = {
			isa = XCBuildConfiguration;
			buildSettings = {
				ALWAYS_EMBED_SWIFT_STANDARD_LIBRARIES = YES;
				CODE_SIGN_STYLE = Automatic;
				CURRENT_PROJECT_VERSION = 1;
				DEVELOPMENT_TEAM = XP6V4T4UU6;
				GENERATE_INFOPLIST_FILE = YES;
				MARKETING_VERSION = 1.0;
				PRODUCT_BUNDLE_IDENTIFIER = com.blacenova.BhagavadGitaUITests;
				PRODUCT_NAME = "$(TARGET_NAME)";
				SWIFT_EMIT_LOC_STRINGS = NO;
				SWIFT_VERSION = 5.0;
				TARGETED_DEVICE_FAMILY = "1,2";
				TEST_TARGET_NAME = BhagavadGita;
			};
			name = "Release-QA";
		};
		FD60A65129BF382900B0750F /* Release-Prod */ = {
			isa = XCBuildConfiguration;
			buildSettings = {
				ALWAYS_SEARCH_USER_PATHS = NO;
				CLANG_ANALYZER_LOCALIZABILITY_NONLOCALIZED = YES;
				CLANG_ANALYZER_NONNULL = YES;
				CLANG_ANALYZER_NUMBER_OBJECT_CONVERSION = YES_AGGRESSIVE;
				CLANG_CXX_LANGUAGE_STANDARD = "gnu++20";
				CLANG_ENABLE_MODULES = YES;
				CLANG_ENABLE_OBJC_ARC = YES;
				CLANG_ENABLE_OBJC_WEAK = YES;
				CLANG_WARN_BLOCK_CAPTURE_AUTORELEASING = YES;
				CLANG_WARN_BOOL_CONVERSION = YES;
				CLANG_WARN_COMMA = YES;
				CLANG_WARN_CONSTANT_CONVERSION = YES;
				CLANG_WARN_DEPRECATED_OBJC_IMPLEMENTATIONS = YES;
				CLANG_WARN_DIRECT_OBJC_ISA_USAGE = YES_ERROR;
				CLANG_WARN_DOCUMENTATION_COMMENTS = YES;
				CLANG_WARN_EMPTY_BODY = YES;
				CLANG_WARN_ENUM_CONVERSION = YES;
				CLANG_WARN_INFINITE_RECURSION = YES;
				CLANG_WARN_INT_CONVERSION = YES;
				CLANG_WARN_NON_LITERAL_NULL_CONVERSION = YES;
				CLANG_WARN_OBJC_IMPLICIT_RETAIN_SELF = YES;
				CLANG_WARN_OBJC_LITERAL_CONVERSION = YES;
				CLANG_WARN_OBJC_ROOT_CLASS = YES_ERROR;
				CLANG_WARN_QUOTED_INCLUDE_IN_FRAMEWORK_HEADER = YES;
				CLANG_WARN_RANGE_LOOP_ANALYSIS = YES;
				CLANG_WARN_STRICT_PROTOTYPES = YES;
				CLANG_WARN_SUSPICIOUS_MOVE = YES;
				CLANG_WARN_UNGUARDED_AVAILABILITY = YES_AGGRESSIVE;
				CLANG_WARN_UNREACHABLE_CODE = YES;
				CLANG_WARN__DUPLICATE_METHOD_MATCH = YES;
				COPY_PHASE_STRIP = NO;
				DEBUG_INFORMATION_FORMAT = "dwarf-with-dsym";
				ENABLE_NS_ASSERTIONS = NO;
				ENABLE_STRICT_OBJC_MSGSEND = YES;
				GCC_C_LANGUAGE_STANDARD = gnu11;
				GCC_NO_COMMON_BLOCKS = YES;
				GCC_WARN_64_TO_32_BIT_CONVERSION = YES;
				GCC_WARN_ABOUT_RETURN_TYPE = YES_ERROR;
				GCC_WARN_UNDECLARED_SELECTOR = YES;
				GCC_WARN_UNINITIALIZED_AUTOS = YES_AGGRESSIVE;
				GCC_WARN_UNUSED_FUNCTION = YES;
				GCC_WARN_UNUSED_VARIABLE = YES;
				IPHONEOS_DEPLOYMENT_TARGET = 16.2;
				MTL_ENABLE_DEBUG_INFO = NO;
				MTL_FAST_MATH = YES;
				SDKROOT = iphoneos;
				SWIFT_COMPILATION_MODE = wholemodule;
				SWIFT_OPTIMIZATION_LEVEL = "-O";
				VALIDATE_PRODUCT = YES;
			};
			name = "Release-Prod";
		};
		FD60A65229BF382900B0750F /* Release-Prod */ = {
			isa = XCBuildConfiguration;
			baseConfigurationReference = FD60A65929BF3D7600B0750F /* BhagavadGita-Prod.xcconfig */;
			buildSettings = {
				ASSETCATALOG_COMPILER_APPICON_NAME = AppIcon;
				ASSETCATALOG_COMPILER_GLOBAL_ACCENT_COLOR_NAME = AccentColor;
				CODE_SIGN_STYLE = Automatic;
				CURRENT_PROJECT_VERSION = 1;
				DEVELOPMENT_ASSET_PATHS = "\"BhagavadGita/Preview Content\"";
				DEVELOPMENT_TEAM = XP6V4T4UU6;
				ENABLE_PREVIEWS = YES;
				GENERATE_INFOPLIST_FILE = YES;
				INFOPLIST_FILE = BhagavadGita/Info.plist;
				INFOPLIST_KEY_CFBundleDisplayName = "Bhagavad-Prod";
				INFOPLIST_KEY_UIApplicationSceneManifest_Generation = YES;
				INFOPLIST_KEY_UIApplicationSupportsIndirectInputEvents = YES;
				INFOPLIST_KEY_UILaunchScreen_Generation = YES;
				INFOPLIST_KEY_UISupportedInterfaceOrientations_iPad = "UIInterfaceOrientationPortrait UIInterfaceOrientationPortraitUpsideDown UIInterfaceOrientationLandscapeLeft UIInterfaceOrientationLandscapeRight";
				INFOPLIST_KEY_UISupportedInterfaceOrientations_iPhone = "UIInterfaceOrientationPortrait UIInterfaceOrientationLandscapeLeft UIInterfaceOrientationLandscapeRight";
				LD_RUNPATH_SEARCH_PATHS = (
					"$(inherited)",
					"@executable_path/Frameworks",
				);
				MARKETING_VERSION = 1.0;
				PRODUCT_BUNDLE_IDENTIFIER = com.blacenova.BhagavadGita.prod;
				PRODUCT_NAME = "$(TARGET_NAME)";
				SWIFT_ACTIVE_COMPILATION_CONDITIONS = PROD;
				SWIFT_EMIT_LOC_STRINGS = YES;
				SWIFT_VERSION = 5.0;
				TARGETED_DEVICE_FAMILY = "1,2";
			};
			name = "Release-Prod";
		};
		FD60A65329BF382900B0750F /* Release-Prod */ = {
			isa = XCBuildConfiguration;
			buildSettings = {
				ALWAYS_EMBED_SWIFT_STANDARD_LIBRARIES = YES;
				BUNDLE_LOADER = "$(TEST_HOST)";
				CODE_SIGN_STYLE = Automatic;
				CURRENT_PROJECT_VERSION = 1;
				DEVELOPMENT_TEAM = XP6V4T4UU6;
				GENERATE_INFOPLIST_FILE = YES;
				IPHONEOS_DEPLOYMENT_TARGET = 16.2;
				MARKETING_VERSION = 1.0;
				PRODUCT_BUNDLE_IDENTIFIER = com.blacenova.BhagavadGitaTests;
				PRODUCT_NAME = "$(TARGET_NAME)";
				SWIFT_EMIT_LOC_STRINGS = NO;
				SWIFT_VERSION = 5.0;
				TARGETED_DEVICE_FAMILY = "1,2";
				TEST_HOST = "$(BUILT_PRODUCTS_DIR)/BhagavadGita.app/$(BUNDLE_EXECUTABLE_FOLDER_PATH)/BhagavadGita";
			};
			name = "Release-Prod";
		};
		FD60A65429BF382900B0750F /* Release-Prod */ = {
			isa = XCBuildConfiguration;
			buildSettings = {
				ALWAYS_EMBED_SWIFT_STANDARD_LIBRARIES = YES;
				CODE_SIGN_STYLE = Automatic;
				CURRENT_PROJECT_VERSION = 1;
				DEVELOPMENT_TEAM = XP6V4T4UU6;
				GENERATE_INFOPLIST_FILE = YES;
				MARKETING_VERSION = 1.0;
				PRODUCT_BUNDLE_IDENTIFIER = com.blacenova.BhagavadGitaUITests;
				PRODUCT_NAME = "$(TARGET_NAME)";
				SWIFT_EMIT_LOC_STRINGS = NO;
				SWIFT_VERSION = 5.0;
				TARGETED_DEVICE_FAMILY = "1,2";
				TEST_TARGET_NAME = BhagavadGita;
			};
			name = "Release-Prod";
		};
		FDD4268E29BB5C21008DE682 /* Debug-Dev */ = {
			isa = XCBuildConfiguration;
			buildSettings = {
				ALWAYS_SEARCH_USER_PATHS = NO;
				CLANG_ANALYZER_LOCALIZABILITY_NONLOCALIZED = YES;
				CLANG_ANALYZER_NONNULL = YES;
				CLANG_ANALYZER_NUMBER_OBJECT_CONVERSION = YES_AGGRESSIVE;
				CLANG_CXX_LANGUAGE_STANDARD = "gnu++20";
				CLANG_ENABLE_MODULES = YES;
				CLANG_ENABLE_OBJC_ARC = YES;
				CLANG_ENABLE_OBJC_WEAK = YES;
				CLANG_WARN_BLOCK_CAPTURE_AUTORELEASING = YES;
				CLANG_WARN_BOOL_CONVERSION = YES;
				CLANG_WARN_COMMA = YES;
				CLANG_WARN_CONSTANT_CONVERSION = YES;
				CLANG_WARN_DEPRECATED_OBJC_IMPLEMENTATIONS = YES;
				CLANG_WARN_DIRECT_OBJC_ISA_USAGE = YES_ERROR;
				CLANG_WARN_DOCUMENTATION_COMMENTS = YES;
				CLANG_WARN_EMPTY_BODY = YES;
				CLANG_WARN_ENUM_CONVERSION = YES;
				CLANG_WARN_INFINITE_RECURSION = YES;
				CLANG_WARN_INT_CONVERSION = YES;
				CLANG_WARN_NON_LITERAL_NULL_CONVERSION = YES;
				CLANG_WARN_OBJC_IMPLICIT_RETAIN_SELF = YES;
				CLANG_WARN_OBJC_LITERAL_CONVERSION = YES;
				CLANG_WARN_OBJC_ROOT_CLASS = YES_ERROR;
				CLANG_WARN_QUOTED_INCLUDE_IN_FRAMEWORK_HEADER = YES;
				CLANG_WARN_RANGE_LOOP_ANALYSIS = YES;
				CLANG_WARN_STRICT_PROTOTYPES = YES;
				CLANG_WARN_SUSPICIOUS_MOVE = YES;
				CLANG_WARN_UNGUARDED_AVAILABILITY = YES_AGGRESSIVE;
				CLANG_WARN_UNREACHABLE_CODE = YES;
				CLANG_WARN__DUPLICATE_METHOD_MATCH = YES;
				COPY_PHASE_STRIP = NO;
				DEBUG_INFORMATION_FORMAT = dwarf;
				ENABLE_STRICT_OBJC_MSGSEND = YES;
				ENABLE_TESTABILITY = YES;
				GCC_C_LANGUAGE_STANDARD = gnu11;
				GCC_DYNAMIC_NO_PIC = NO;
				GCC_NO_COMMON_BLOCKS = YES;
				GCC_OPTIMIZATION_LEVEL = 0;
				GCC_PREPROCESSOR_DEFINITIONS = (
					"DEBUG=1",
					"$(inherited)",
				);
				GCC_WARN_64_TO_32_BIT_CONVERSION = YES;
				GCC_WARN_ABOUT_RETURN_TYPE = YES_ERROR;
				GCC_WARN_UNDECLARED_SELECTOR = YES;
				GCC_WARN_UNINITIALIZED_AUTOS = YES_AGGRESSIVE;
				GCC_WARN_UNUSED_FUNCTION = YES;
				GCC_WARN_UNUSED_VARIABLE = YES;
				IPHONEOS_DEPLOYMENT_TARGET = 16.2;
				MTL_ENABLE_DEBUG_INFO = INCLUDE_SOURCE;
				MTL_FAST_MATH = YES;
				ONLY_ACTIVE_ARCH = YES;
				SDKROOT = iphoneos;
				SWIFT_ACTIVE_COMPILATION_CONDITIONS = DEBUG;
				SWIFT_OPTIMIZATION_LEVEL = "-Onone";
			};
			name = "Debug-Dev";
		};
		FDD4268F29BB5C21008DE682 /* Release-Dev */ = {
			isa = XCBuildConfiguration;
			buildSettings = {
				ALWAYS_SEARCH_USER_PATHS = NO;
				CLANG_ANALYZER_LOCALIZABILITY_NONLOCALIZED = YES;
				CLANG_ANALYZER_NONNULL = YES;
				CLANG_ANALYZER_NUMBER_OBJECT_CONVERSION = YES_AGGRESSIVE;
				CLANG_CXX_LANGUAGE_STANDARD = "gnu++20";
				CLANG_ENABLE_MODULES = YES;
				CLANG_ENABLE_OBJC_ARC = YES;
				CLANG_ENABLE_OBJC_WEAK = YES;
				CLANG_WARN_BLOCK_CAPTURE_AUTORELEASING = YES;
				CLANG_WARN_BOOL_CONVERSION = YES;
				CLANG_WARN_COMMA = YES;
				CLANG_WARN_CONSTANT_CONVERSION = YES;
				CLANG_WARN_DEPRECATED_OBJC_IMPLEMENTATIONS = YES;
				CLANG_WARN_DIRECT_OBJC_ISA_USAGE = YES_ERROR;
				CLANG_WARN_DOCUMENTATION_COMMENTS = YES;
				CLANG_WARN_EMPTY_BODY = YES;
				CLANG_WARN_ENUM_CONVERSION = YES;
				CLANG_WARN_INFINITE_RECURSION = YES;
				CLANG_WARN_INT_CONVERSION = YES;
				CLANG_WARN_NON_LITERAL_NULL_CONVERSION = YES;
				CLANG_WARN_OBJC_IMPLICIT_RETAIN_SELF = YES;
				CLANG_WARN_OBJC_LITERAL_CONVERSION = YES;
				CLANG_WARN_OBJC_ROOT_CLASS = YES_ERROR;
				CLANG_WARN_QUOTED_INCLUDE_IN_FRAMEWORK_HEADER = YES;
				CLANG_WARN_RANGE_LOOP_ANALYSIS = YES;
				CLANG_WARN_STRICT_PROTOTYPES = YES;
				CLANG_WARN_SUSPICIOUS_MOVE = YES;
				CLANG_WARN_UNGUARDED_AVAILABILITY = YES_AGGRESSIVE;
				CLANG_WARN_UNREACHABLE_CODE = YES;
				CLANG_WARN__DUPLICATE_METHOD_MATCH = YES;
				COPY_PHASE_STRIP = NO;
				DEBUG_INFORMATION_FORMAT = "dwarf-with-dsym";
				ENABLE_NS_ASSERTIONS = NO;
				ENABLE_STRICT_OBJC_MSGSEND = YES;
				GCC_C_LANGUAGE_STANDARD = gnu11;
				GCC_NO_COMMON_BLOCKS = YES;
				GCC_WARN_64_TO_32_BIT_CONVERSION = YES;
				GCC_WARN_ABOUT_RETURN_TYPE = YES_ERROR;
				GCC_WARN_UNDECLARED_SELECTOR = YES;
				GCC_WARN_UNINITIALIZED_AUTOS = YES_AGGRESSIVE;
				GCC_WARN_UNUSED_FUNCTION = YES;
				GCC_WARN_UNUSED_VARIABLE = YES;
				IPHONEOS_DEPLOYMENT_TARGET = 16.2;
				MTL_ENABLE_DEBUG_INFO = NO;
				MTL_FAST_MATH = YES;
				SDKROOT = iphoneos;
				SWIFT_COMPILATION_MODE = wholemodule;
				SWIFT_OPTIMIZATION_LEVEL = "-O";
				VALIDATE_PRODUCT = YES;
			};
			name = "Release-Dev";
		};
		FDD4269129BB5C21008DE682 /* Debug-Dev */ = {
			isa = XCBuildConfiguration;
			baseConfigurationReference = FD60A65629BF3D1C00B0750F /* BhagavadGita-Dev.xcconfig */;
			buildSettings = {
				ASSETCATALOG_COMPILER_APPICON_NAME = AppIcon;
				ASSETCATALOG_COMPILER_GLOBAL_ACCENT_COLOR_NAME = AccentColor;
				CODE_SIGN_STYLE = Automatic;
				CURRENT_PROJECT_VERSION = 1;
				DEVELOPMENT_ASSET_PATHS = "\"BhagavadGita/Preview Content\"";
				DEVELOPMENT_TEAM = XP6V4T4UU6;
				ENABLE_PREVIEWS = YES;
				GENERATE_INFOPLIST_FILE = YES;
				INFOPLIST_FILE = BhagavadGita/Info.plist;
				INFOPLIST_KEY_CFBundleDisplayName = "Bhagavad-Dev";
				INFOPLIST_KEY_UIApplicationSceneManifest_Generation = YES;
				INFOPLIST_KEY_UIApplicationSupportsIndirectInputEvents = YES;
				INFOPLIST_KEY_UILaunchScreen_Generation = YES;
				INFOPLIST_KEY_UISupportedInterfaceOrientations_iPad = "UIInterfaceOrientationPortrait UIInterfaceOrientationPortraitUpsideDown UIInterfaceOrientationLandscapeLeft UIInterfaceOrientationLandscapeRight";
				INFOPLIST_KEY_UISupportedInterfaceOrientations_iPhone = "UIInterfaceOrientationPortrait UIInterfaceOrientationLandscapeLeft UIInterfaceOrientationLandscapeRight";
				LD_RUNPATH_SEARCH_PATHS = (
					"$(inherited)",
					"@executable_path/Frameworks",
				);
				MARKETING_VERSION = 1.0;
				PRODUCT_BUNDLE_IDENTIFIER = com.blacenova.BhagavadGita.dev;
				PRODUCT_NAME = "$(TARGET_NAME)";
				SWIFT_ACTIVE_COMPILATION_CONDITIONS = "DEBUG DEV";
				SWIFT_EMIT_LOC_STRINGS = YES;
				SWIFT_VERSION = 5.0;
				TARGETED_DEVICE_FAMILY = "1,2";
			};
			name = "Debug-Dev";
		};
		FDD4269229BB5C21008DE682 /* Release-Dev */ = {
			isa = XCBuildConfiguration;
			baseConfigurationReference = FD60A65629BF3D1C00B0750F /* BhagavadGita-Dev.xcconfig */;
			buildSettings = {
				ASSETCATALOG_COMPILER_APPICON_NAME = AppIcon;
				ASSETCATALOG_COMPILER_GLOBAL_ACCENT_COLOR_NAME = AccentColor;
				CODE_SIGN_STYLE = Automatic;
				CURRENT_PROJECT_VERSION = 1;
				DEVELOPMENT_ASSET_PATHS = "\"BhagavadGita/Preview Content\"";
				DEVELOPMENT_TEAM = XP6V4T4UU6;
				ENABLE_PREVIEWS = YES;
				GENERATE_INFOPLIST_FILE = YES;
				INFOPLIST_FILE = BhagavadGita/Info.plist;
				INFOPLIST_KEY_CFBundleDisplayName = "Bhagavad-Dev";
				INFOPLIST_KEY_UIApplicationSceneManifest_Generation = YES;
				INFOPLIST_KEY_UIApplicationSupportsIndirectInputEvents = YES;
				INFOPLIST_KEY_UILaunchScreen_Generation = YES;
				INFOPLIST_KEY_UISupportedInterfaceOrientations_iPad = "UIInterfaceOrientationPortrait UIInterfaceOrientationPortraitUpsideDown UIInterfaceOrientationLandscapeLeft UIInterfaceOrientationLandscapeRight";
				INFOPLIST_KEY_UISupportedInterfaceOrientations_iPhone = "UIInterfaceOrientationPortrait UIInterfaceOrientationLandscapeLeft UIInterfaceOrientationLandscapeRight";
				LD_RUNPATH_SEARCH_PATHS = (
					"$(inherited)",
					"@executable_path/Frameworks",
				);
				MARKETING_VERSION = 1.0;
				PRODUCT_BUNDLE_IDENTIFIER = com.blacenova.BhagavadGita.dev;
				PRODUCT_NAME = "$(TARGET_NAME)";
				SWIFT_ACTIVE_COMPILATION_CONDITIONS = DEV;
				SWIFT_EMIT_LOC_STRINGS = YES;
				SWIFT_VERSION = 5.0;
				TARGETED_DEVICE_FAMILY = "1,2";
			};
			name = "Release-Dev";
		};
		FDD4269429BB5C21008DE682 /* Debug-Dev */ = {
			isa = XCBuildConfiguration;
			buildSettings = {
				ALWAYS_EMBED_SWIFT_STANDARD_LIBRARIES = YES;
				BUNDLE_LOADER = "$(TEST_HOST)";
				CODE_SIGN_STYLE = Automatic;
				CURRENT_PROJECT_VERSION = 1;
				DEVELOPMENT_TEAM = XP6V4T4UU6;
				GENERATE_INFOPLIST_FILE = YES;
				IPHONEOS_DEPLOYMENT_TARGET = 16.2;
				MARKETING_VERSION = 1.0;
				PRODUCT_BUNDLE_IDENTIFIER = com.blacenova.BhagavadGitaTests;
				PRODUCT_NAME = "$(TARGET_NAME)";
				SWIFT_EMIT_LOC_STRINGS = NO;
				SWIFT_VERSION = 5.0;
				TARGETED_DEVICE_FAMILY = "1,2";
				TEST_HOST = "$(BUILT_PRODUCTS_DIR)/BhagavadGita.app/$(BUNDLE_EXECUTABLE_FOLDER_PATH)/BhagavadGita";
			};
			name = "Debug-Dev";
		};
		FDD4269529BB5C21008DE682 /* Release-Dev */ = {
			isa = XCBuildConfiguration;
			buildSettings = {
				ALWAYS_EMBED_SWIFT_STANDARD_LIBRARIES = YES;
				BUNDLE_LOADER = "$(TEST_HOST)";
				CODE_SIGN_STYLE = Automatic;
				CURRENT_PROJECT_VERSION = 1;
				DEVELOPMENT_TEAM = XP6V4T4UU6;
				GENERATE_INFOPLIST_FILE = YES;
				IPHONEOS_DEPLOYMENT_TARGET = 16.2;
				MARKETING_VERSION = 1.0;
				PRODUCT_BUNDLE_IDENTIFIER = com.blacenova.BhagavadGitaTests;
				PRODUCT_NAME = "$(TARGET_NAME)";
				SWIFT_EMIT_LOC_STRINGS = NO;
				SWIFT_VERSION = 5.0;
				TARGETED_DEVICE_FAMILY = "1,2";
				TEST_HOST = "$(BUILT_PRODUCTS_DIR)/BhagavadGita.app/$(BUNDLE_EXECUTABLE_FOLDER_PATH)/BhagavadGita";
			};
			name = "Release-Dev";
		};
		FDD4269729BB5C21008DE682 /* Debug-Dev */ = {
			isa = XCBuildConfiguration;
			buildSettings = {
				ALWAYS_EMBED_SWIFT_STANDARD_LIBRARIES = YES;
				CODE_SIGN_STYLE = Automatic;
				CURRENT_PROJECT_VERSION = 1;
				DEVELOPMENT_TEAM = XP6V4T4UU6;
				GENERATE_INFOPLIST_FILE = YES;
				MARKETING_VERSION = 1.0;
				PRODUCT_BUNDLE_IDENTIFIER = com.blacenova.BhagavadGitaUITests;
				PRODUCT_NAME = "$(TARGET_NAME)";
				SWIFT_EMIT_LOC_STRINGS = NO;
				SWIFT_VERSION = 5.0;
				TARGETED_DEVICE_FAMILY = "1,2";
				TEST_TARGET_NAME = BhagavadGita;
			};
			name = "Debug-Dev";
		};
		FDD4269829BB5C21008DE682 /* Release-Dev */ = {
			isa = XCBuildConfiguration;
			buildSettings = {
				ALWAYS_EMBED_SWIFT_STANDARD_LIBRARIES = YES;
				CODE_SIGN_STYLE = Automatic;
				CURRENT_PROJECT_VERSION = 1;
				DEVELOPMENT_TEAM = XP6V4T4UU6;
				GENERATE_INFOPLIST_FILE = YES;
				MARKETING_VERSION = 1.0;
				PRODUCT_BUNDLE_IDENTIFIER = com.blacenova.BhagavadGitaUITests;
				PRODUCT_NAME = "$(TARGET_NAME)";
				SWIFT_EMIT_LOC_STRINGS = NO;
				SWIFT_VERSION = 5.0;
				TARGETED_DEVICE_FAMILY = "1,2";
				TEST_TARGET_NAME = BhagavadGita;
			};
			name = "Release-Dev";
		};
/* End XCBuildConfiguration section */

/* Begin XCConfigurationList section */
		FDD4266729BB5C1C008DE682 /* Build configuration list for PBXProject "BhagavadGita" */ = {
			isa = XCConfigurationList;
			buildConfigurations = (
				FDD4268E29BB5C21008DE682 /* Debug-Dev */,
				FD60A64929BF37F100B0750F /* Debug-Prod */,
				FD60A64529BF37E700B0750F /* Debug-QA */,
				FDD4268F29BB5C21008DE682 /* Release-Dev */,
				FD60A65129BF382900B0750F /* Release-Prod */,
				FD60A64D29BF382100B0750F /* Release-QA */,
			);
			defaultConfigurationIsVisible = 0;
			defaultConfigurationName = "Release-Dev";
		};
		FDD4269029BB5C21008DE682 /* Build configuration list for PBXNativeTarget "BhagavadGita" */ = {
			isa = XCConfigurationList;
			buildConfigurations = (
				FDD4269129BB5C21008DE682 /* Debug-Dev */,
				FD60A64A29BF37F100B0750F /* Debug-Prod */,
				FD60A64629BF37E700B0750F /* Debug-QA */,
				FDD4269229BB5C21008DE682 /* Release-Dev */,
				FD60A65229BF382900B0750F /* Release-Prod */,
				FD60A64E29BF382100B0750F /* Release-QA */,
			);
			defaultConfigurationIsVisible = 0;
			defaultConfigurationName = "Release-Dev";
		};
		FDD4269329BB5C21008DE682 /* Build configuration list for PBXNativeTarget "BhagavadGitaTests" */ = {
			isa = XCConfigurationList;
			buildConfigurations = (
				FDD4269429BB5C21008DE682 /* Debug-Dev */,
				FD60A64B29BF37F100B0750F /* Debug-Prod */,
				FD60A64729BF37E700B0750F /* Debug-QA */,
				FDD4269529BB5C21008DE682 /* Release-Dev */,
				FD60A65329BF382900B0750F /* Release-Prod */,
				FD60A64F29BF382100B0750F /* Release-QA */,
			);
			defaultConfigurationIsVisible = 0;
			defaultConfigurationName = "Release-Dev";
		};
		FDD4269629BB5C21008DE682 /* Build configuration list for PBXNativeTarget "BhagavadGitaUITests" */ = {
			isa = XCConfigurationList;
			buildConfigurations = (
				FDD4269729BB5C21008DE682 /* Debug-Dev */,
				FD60A64C29BF37F100B0750F /* Debug-Prod */,
				FD60A64829BF37E700B0750F /* Debug-QA */,
				FDD4269829BB5C21008DE682 /* Release-Dev */,
				FD60A65429BF382900B0750F /* Release-Prod */,
				FD60A65029BF382100B0750F /* Release-QA */,
			);
			defaultConfigurationIsVisible = 0;
			defaultConfigurationName = "Release-Dev";
		};
/* End XCConfigurationList section */

/* Begin XCRemoteSwiftPackageReference section */
		FDA25A4E29BF49320072C390 /* XCRemoteSwiftPackageReference "firebase-ios-sdk" */ = {
			isa = XCRemoteSwiftPackageReference;
			repositoryURL = "https://github.com/firebase/firebase-ios-sdk.git";
			requirement = {
				kind = upToNextMajorVersion;
				minimumVersion = 9.0.0;
			};
		};
		FDD4269929BB7E2E008DE682 /* XCRemoteSwiftPackageReference "BGUtilityPackage" */ = {
			isa = XCRemoteSwiftPackageReference;
			repositoryURL = "https://github.com/manasdevslopes/BGUtilityPackage.git";
			requirement = {
				kind = upToNextMajorVersion;
				minimumVersion = 0.0.1;
			};
		};
		FDD4269C29BB847D008DE682 /* XCRemoteSwiftPackageReference "SwiftyBeaver" */ = {
			isa = XCRemoteSwiftPackageReference;
			repositoryURL = "https://github.com/SwiftyBeaver/SwiftyBeaver";
			requirement = {
				kind = upToNextMajorVersion;
				minimumVersion = 2.0.0;
			};
		};
/* End XCRemoteSwiftPackageReference section */

/* Begin XCSwiftPackageProductDependency section */
		FDA25A4F29BF49320072C390 /* FirebaseAnalytics */ = {
			isa = XCSwiftPackageProductDependency;
			package = FDA25A4E29BF49320072C390 /* XCRemoteSwiftPackageReference "firebase-ios-sdk" */;
			productName = FirebaseAnalytics;
		};
		FDA25A5129BF49320072C390 /* FirebaseCrashlytics */ = {
			isa = XCSwiftPackageProductDependency;
			package = FDA25A4E29BF49320072C390 /* XCRemoteSwiftPackageReference "firebase-ios-sdk" */;
			productName = FirebaseCrashlytics;
		};
		FDD4269A29BB7E2E008DE682 /* BGUtility */ = {
			isa = XCSwiftPackageProductDependency;
			package = FDD4269929BB7E2E008DE682 /* XCRemoteSwiftPackageReference "BGUtilityPackage" */;
			productName = BGUtility;
		};
		FDD4269D29BB847D008DE682 /* SwiftyBeaver */ = {
			isa = XCSwiftPackageProductDependency;
			package = FDD4269C29BB847D008DE682 /* XCRemoteSwiftPackageReference "SwiftyBeaver" */;
			productName = SwiftyBeaver;
		};
/* End XCSwiftPackageProductDependency section */
	};
	rootObject = FDD4266429BB5C1C008DE682 /* Project object */;
}
